{
  "name": "tina4-documentation",
  "lockfileVersion": 3,
  "requires": true,
  "packages": {
    "": {
      "devDependencies": {
        "tina4press": "^0.1.11"
      }
    },
    "node_modules/tina4js": {
      "version": "1.5.1",
      "resolved": "https://registry.npmjs.org/tina4js/-/tina4js-1.5.1.tgz",
      "integrity": "sha512-adRY20dcyqBPaTBHByoM9HLjT8AXwHPg2n1tHP6DT3pcwrLoLnaLN6FtUntgOQ/sKdUzwYvNbllr9+hH5lIzTw==",
      "dev": true,
      "license": "MIT",
      "bin": {
        "tina4js": "bin/tina4.js"
      }
    },
    "node_modules/tina4press": {
      "version": "0.1.11",
      "resolved": "https://registry.npmjs.org/tina4press/-/tina4press-0.1.11.tgz",
      "integrity": "sha512-ddXjQ7N997CxwfiLP0UsYL6wD4tcviJkDlMbJmhldHXv8nlq46f7spGudHgu1Wz8h42xbbFLB8tDR5SHGLBBgw==",
      "dev": true,
      "license": "MIT",
      "dependencies": {
        "tina4js": "^1.5.1"
      },
      "bin": {
        "tina4press": "bin/tina4press.js"
      },
      "engines": {
        "node": ">=18"
      }
    }
  }
}
