lockfileVersion: '9.0'

settings:
  autoInstallPeers: true
  excludeLinksFromLockfile: false

importers:

  .:
    devDependencies:
      tina4press:
        specifier: ^0.1.13
        version: 0.1.13

packages:

  tina4js@1.5.1:
    resolution: {integrity: sha512-adRY20dcyqBPaTBHByoM9HLjT8AXwHPg2n1tHP6DT3pcwrLoLnaLN6FtUntgOQ/sKdUzwYvNbllr9+hH5lIzTw==}
    hasBin: true

  tina4press@0.1.13:
    resolution: {integrity: sha512-b7ABPpELn8ZqdryCmd+QMCYl6WlwduafKFzWVbbDOKOVJXncudYyGfHnWPhuwaDPt5UBBw3D5EKuzNX5FC775w==}
    engines: {node: '>=18'}
    hasBin: true

snapshots:

  tina4js@1.5.1: {}

  tina4press@0.1.13:
    dependencies:
      tina4js: 1.5.1
