lockfileVersion: '9.0'

settings:
  autoInstallPeers: true
  excludeLinksFromLockfile: false

importers:

  .:
    devDependencies:
      tina4press:
        specifier: ^0.1.11
        version: 0.1.11

packages:

  tina4js@1.5.1:
    resolution: {integrity: sha512-adRY20dcyqBPaTBHByoM9HLjT8AXwHPg2n1tHP6DT3pcwrLoLnaLN6FtUntgOQ/sKdUzwYvNbllr9+hH5lIzTw==}
    hasBin: true

  tina4press@0.1.11:
    resolution: {integrity: sha512-ddXjQ7N997CxwfiLP0UsYL6wD4tcviJkDlMbJmhldHXv8nlq46f7spGudHgu1Wz8h42xbbFLB8tDR5SHGLBBgw==}
    engines: {node: '>=18'}
    hasBin: true

snapshots:

  tina4js@1.5.1: {}

  tina4press@0.1.11:
    dependencies:
      tina4js: 1.5.1
