lockfileVersion: '9.0'

settings:
  autoInstallPeers: true
  excludeLinksFromLockfile: false

importers:

  .:
    devDependencies:
      tina4press:
        specifier: ^0.1.14
        version: 0.1.14

packages:

  tina4js@1.5.1:
    resolution: {integrity: sha512-adRY20dcyqBPaTBHByoM9HLjT8AXwHPg2n1tHP6DT3pcwrLoLnaLN6FtUntgOQ/sKdUzwYvNbllr9+hH5lIzTw==}
    hasBin: true

  tina4press@0.1.14:
    resolution: {integrity: sha512-nTFrBWBtOV84QqATfkXlELN4tAlfvM+dN85JOYIuz7/CCP+3yIjVnuZRT07bza1/mwbczYGDn2eaKSHNfPi56g==}
    engines: {node: '>=18'}
    hasBin: true

snapshots:

  tina4js@1.5.1: {}

  tina4press@0.1.14:
    dependencies:
      tina4js: 1.5.1
